// !$*UTF8*$!
{
	archiveVersion = 1;
	classes = {
	};
	objectVersion = 56;
	objects = {

/* Begin PBXBuildFile section */
		005A45272D5DA72B00BA382F /* main.cpp in Sources */ = {isa = PBXBuildFile; fileRef = 005A45262D5DA72B00BA382F /* main.cpp */; };
		005A45332D5DA9DF00BA382F /* person.cpp in Sources */ = {isa = PBXBuildFile; fileRef = 005A45322D5DA9DF00BA382F /* person.cpp */; };
		005A45362D5DAC3900BA382F /* family.cpp in Sources */ = {isa = PBXBuildFile; fileRef = 005A45352D5DAC3900BA382F /* family.cpp */; };
		005A45392D5DB0EA00BA382F /* parent.cpp in Sources */ = {isa = PBXBuildFile; fileRef = 005A45382D5DB0EA00BA382F /* parent.cpp */; };
		005A453C2D5DB45400BA382F /* spouse.cpp in Sources */ = {isa = PBXBuildFile; fileRef = 005A453B2D5DB45400BA382F /* spouse.cpp */; };
/* End PBXBuildFile section */

/* Begin PBXCopyFilesBuildPhase section */
		005A45212D5DA72B00BA382F /* CopyFiles */ = {
			isa = PBXCopyFilesBuildPhase;
			buildActionMask = 2147483647;
			dstPath = /usr/share/man/man1/;
			dstSubfolderSpec = 0;
			files = (
			);
			runOnlyForDeploymentPostprocessing = 1;
		};
/* End PBXCopyFilesBuildPhase section */

/* Begin PBXFileReference section */
		005A45232D5DA72B00BA382F /* OOP-fifth */ = {isa = PBXFileReference; explicitFileType = "compiled.mach-o.executable"; includeInIndex = 0; path = "OOP-fifth"; sourceTree = BUILT_PRODUCTS_DIR; };
		005A45262D5DA72B00BA382F /* main.cpp */ = {isa = PBXFileReference; lastKnownFileType = sourcecode.cpp.cpp; path = main.cpp; sourceTree = "<group>"; };
		005A452E2D5DA95900BA382F /* person.h */ = {isa = PBXFileReference; lastKnownFileType = sourcecode.c.h; path = person.h; sourceTree = "<group>"; };
		005A45322D5DA9DF00BA382F /* person.cpp */ = {isa = PBXFileReference; lastKnownFileType = sourcecode.cpp.cpp; path = person.cpp; sourceTree = "<group>"; };
		005A45342D5DABB800BA382F /* family.h */ = {isa = PBXFileReference; lastKnownFileType = sourcecode.c.h; path = family.h; sourceTree = "<group>"; };
		005A45352D5DAC3900BA382F /* family.cpp */ = {isa = PBXFileReference; lastKnownFileType = sourcecode.cpp.cpp; path = family.cpp; sourceTree = "<group>"; };
		005A45372D5DB04B00BA382F /* parent.h */ = {isa = PBXFileReference; lastKnownFileType = sourcecode.c.h; path = parent.h; sourceTree = "<group>"; };
		005A45382D5DB0EA00BA382F /* parent.cpp */ = {isa = PBXFileReference; lastKnownFileType = sourcecode.cpp.cpp; path = parent.cpp; sourceTree = "<group>"; };
		005A453A2D5DB3C100BA382F /* spouse.h */ = {isa = PBXFileReference; lastKnownFileType = sourcecode.c.h; path = spouse.h; sourceTree = "<group>"; };
		005A453B2D5DB45400BA382F /* spouse.cpp */ = {isa = PBXFileReference; lastKnownFileType = sourcecode.cpp.cpp; path = spouse.cpp; sourceTree = "<group>"; };
/* End PBXFileReference section */

/* Begin PBXFrameworksBuildPhase section */
		005A45202D5DA72B00BA382F /* Frameworks */ = {
			isa = PBXFrameworksBuildPhase;
			buildActionMask = 2147483647;
			files = (
			);
			runOnlyForDeploymentPostprocessing = 0;
		};
/* End PBXFrameworksBuildPhase section */

/* Begin PBXGroup section */
		005A451A2D5DA72B00BA382F = {
			isa = PBXGroup;
			children = (
				005A45252D5DA72B00BA382F /* OOP-fifth */,
				005A45242D5DA72B00BA382F /* Products */,
			);
			sourceTree = "<group>";
		};
		005A45242D5DA72B00BA382F /* Products */ = {
			isa = PBXGroup;
			children = (
				005A45232D5DA72B00BA382F /* OOP-fifth */,
			);
			name = Products;
			sourceTree = "<group>";
		};
		005A45252D5DA72B00BA382F /* OOP-fifth */ = {
			isa = PBXGroup;
			children = (
				005A45262D5DA72B00BA382F /* main.cpp */,
				005A452E2D5DA95900BA382F /* person.h */,
				005A45322D5DA9DF00BA382F /* person.cpp */,
				005A45342D5DABB800BA382F /* family.h */,
				005A45352D5DAC3900BA382F /* family.cpp */,
				005A45372D5DB04B00BA382F /* parent.h */,
				005A45382D5DB0EA00BA382F /* parent.cpp */,
				005A453A2D5DB3C100BA382F /* spouse.h */,
				005A453B2D5DB45400BA382F /* spouse.cpp */,
			);
			path = "OOP-fifth";
			sourceTree = "<group>";
		};
/* End PBXGroup section */

/* Begin PBXNativeTarget section */
		005A45222D5DA72B00BA382F /* OOP-fifth */ = {
			isa = PBXNativeTarget;
			buildConfigurationList = 005A452A2D5DA72B00BA382F /* Build configuration list for PBXNativeTarget "OOP-fifth" */;
			buildPhases = (
				005A451F2D5DA72B00BA382F /* Sources */,
				005A45202D5DA72B00BA382F /* Frameworks */,
				005A45212D5DA72B00BA382F /* CopyFiles */,
			);
			buildRules = (
			);
			dependencies = (
			);
			name = "OOP-fifth";
			productName = "OOP-fifth";
			productReference = 005A45232D5DA72B00BA382F /* OOP-fifth */;
			productType = "com.apple.product-type.tool";
		};
/* End PBXNativeTarget section */

/* Begin PBXProject section */
		005A451B2D5DA72B00BA382F /* Project object */ = {
			isa = PBXProject;
			attributes = {
				BuildIndependentTargetsInParallel = 1;
				LastUpgradeCheck = 1540;
				TargetAttributes = {
					005A45222D5DA72B00BA382F = {
						CreatedOnToolsVersion = 15.4;
					};
				};
			};
			buildConfigurationList = 005A451E2D5DA72B00BA382F /* Build configuration list for PBXProject "OOP-fifth" */;
			compatibilityVersion = "Xcode 14.0";
			developmentRegion = en;
			hasScannedForEncodings = 0;
			knownRegions = (
				en,
				Base,
			);
			mainGroup = 005A451A2D5DA72B00BA382F;
			productRefGroup = 005A45242D5DA72B00BA382F /* Products */;
			projectDirPath = "";
			projectRoot = "";
			targets = (
				005A45222D5DA72B00BA382F /* OOP-fifth */,
			);
		};
/* End PBXProject section */

/* Begin PBXSourcesBuildPhase section */
		005A451F2D5DA72B00BA382F /* Sources */ = {
			isa = PBXSourcesBuildPhase;
			buildActionMask = 2147483647;
			files = (
				005A45362D5DAC3900BA382F /* family.cpp in Sources */,
				005A45392D5DB0EA00BA382F /* parent.cpp in Sources */,
				005A45332D5DA9DF00BA382F /* person.cpp in Sources */,
				005A45272D5DA72B00BA382F /* main.cpp in Sources */,
				005A453C2D5DB45400BA382F /* spouse.cpp in Sources */,
			);
			runOnlyForDeploymentPostprocessing = 0;
		};
/* End PBXSourcesBuildPhase section */

/* Begin XCBuildConfiguration section */
		005A45282D5DA72B00BA382F /* Debug */ = {
			isa = XCBuildConfiguration;
			buildSettings = {
				ALWAYS_SEARCH_USER_PATHS = NO;
				ASSETCATALOG_COMPILER_GENERATE_SWIFT_ASSET_SYMBOL_EXTENSIONS = YES;
				CLANG_ANALYZER_NONNULL = YES;
				CLANG_ANALYZER_NUMBER_OBJECT_CONVERSION = YES_AGGRESSIVE;
				CLANG_CXX_LANGUAGE_STANDARD = "gnu++20";
				CLANG_ENABLE_MODULES = YES;
				CLANG_ENABLE_OBJC_ARC = YES;
				CLANG_ENABLE_OBJC_WEAK = YES;
				CLANG_WARN_BLOCK_CAPTURE_AUTORELEASING = YES;
				CLANG_WARN_BOOL_CONVERSION = YES;
				CLANG_WARN_COMMA = YES;
				CLANG_WARN_CONSTANT_CONVERSION = YES;
				CLANG_WARN_DEPRECATED_OBJC_IMPLEMENTATIONS = YES;
				CLANG_WARN_DIRECT_OBJC_ISA_USAGE = YES_ERROR;
				CLANG_WARN_DOCUMENTATION_COMMENTS = YES;
				CLANG_WARN_EMPTY_BODY = YES;
				CLANG_WARN_ENUM_CONVERSION = YES;
				CLANG_WARN_INFINITE_RECURSION = YES;
				CLANG_WARN_INT_CONVERSION = YES;
				CLANG_WARN_NON_LITERAL_NULL_CONVERSION = YES;
				CLANG_WARN_OBJC_IMPLICIT_RETAIN_SELF = YES;
				CLANG_WARN_OBJC_LITERAL_CONVERSION = YES;
				CLANG_WARN_OBJC_ROOT_CLASS = YES_ERROR;
				CLANG_WARN_QUOTED_INCLUDE_IN_FRAMEWORK_HEADER = YES;
				CLANG_WARN_RANGE_LOOP_ANALYSIS = YES;
				CLANG_WARN_STRICT_PROTOTYPES = YES;
				CLANG_WARN_SUSPICIOUS_MOVE = YES;
				CLANG_WARN_UNGUARDED_AVAILABILITY = YES_AGGRESSIVE;
				CLANG_WARN_UNREACHABLE_CODE = YES;
				CLANG_WARN__DUPLICATE_METHOD_MATCH = YES;
				COPY_PHASE_STRIP = NO;
				DEBUG_INFORMATION_FORMAT = dwarf;
				ENABLE_STRICT_OBJC_MSGSEND = YES;
				ENABLE_TESTABILITY = YES;
				ENABLE_USER_SCRIPT_SANDBOXING = YES;
				GCC_C_LANGUAGE_STANDARD = gnu17;
				GCC_DYNAMIC_NO_PIC = NO;
				GCC_NO_COMMON_BLOCKS = YES;
				GCC_OPTIMIZATION_LEVEL = 0;
				GCC_PREPROCESSOR_DEFINITIONS = (
					"DEBUG=1",
					"$(inherited)",
				);
				GCC_WARN_64_TO_32_BIT_CONVERSION = YES;
				GCC_WARN_ABOUT_RETURN_TYPE = YES_ERROR;
				GCC_WARN_UNDECLARED_SELECTOR = YES;
				GCC_WARN_UNINITIALIZED_AUTOS = YES_AGGRESSIVE;
				GCC_WARN_UNUSED_FUNCTION = YES;
				GCC_WARN_UNUSED_VARIABLE = YES;
				LOCALIZATION_PREFERS_STRING_CATALOGS = YES;
				MACOSX_DEPLOYMENT_TARGET = 14.1;
				MTL_ENABLE_DEBUG_INFO = INCLUDE_SOURCE;
				MTL_FAST_MATH = YES;
				ONLY_ACTIVE_ARCH = YES;
				SDKROOT = macosx;
			};
			name = Debug;
		};
		005A45292D5DA72B00BA382F /* Release */ = {
			isa = XCBuildConfiguration;
			buildSettings = {
				ALWAYS_SEARCH_USER_PATHS = NO;
				ASSETCATALOG_COMPILER_GENERATE_SWIFT_ASSET_SYMBOL_EXTENSIONS = YES;
				CLANG_ANALYZER_NONNULL = YES;
				CLANG_ANALYZER_NUMBER_OBJECT_CONVERSION = YES_AGGRESSIVE;
				CLANG_CXX_LANGUAGE_STANDARD = "gnu++20";
				CLANG_ENABLE_MODULES = YES;
				CLANG_ENABLE_OBJC_ARC = YES;
				CLANG_ENABLE_OBJC_WEAK = YES;
				CLANG_WARN_BLOCK_CAPTURE_AUTORELEASING = YES;
				CLANG_WARN_BOOL_CONVERSION = YES;
				CLANG_WARN_COMMA = YES;
				CLANG_WARN_CONSTANT_CONVERSION = YES;
				CLANG_WARN_DEPRECATED_OBJC_IMPLEMENTATIONS = YES;
				CLANG_WARN_DIRECT_OBJC_ISA_USAGE = YES_ERROR;
				CLANG_WARN_DOCUMENTATION_COMMENTS = YES;
				CLANG_WARN_EMPTY_BODY = YES;
				CLANG_WARN_ENUM_CONVERSION = YES;
				CLANG_WARN_INFINITE_RECURSION = YES;
				CLANG_WARN_INT_CONVERSION = YES;
				CLANG_WARN_NON_LITERAL_NULL_CONVERSION = YES;
				CLANG_WARN_OBJC_IMPLICIT_RETAIN_SELF = YES;
				CLANG_WARN_OBJC_LITERAL_CONVERSION = YES;
				CLANG_WARN_OBJC_ROOT_CLASS = YES_ERROR;
				CLANG_WARN_QUOTED_INCLUDE_IN_FRAMEWORK_HEADER = YES;
				CLANG_WARN_RANGE_LOOP_ANALYSIS = YES;
				CLANG_WARN_STRICT_PROTOTYPES = YES;
				CLANG_WARN_SUSPICIOUS_MOVE = YES;
				CLANG_WARN_UNGUARDED_AVAILABILITY = YES_AGGRESSIVE;
				CLANG_WARN_UNREACHABLE_CODE = YES;
				CLANG_WARN__DUPLICATE_METHOD_MATCH = YES;
				COPY_PHASE_STRIP = NO;
				DEBUG_INFORMATION_FORMAT = "dwarf-with-dsym";
				ENABLE_NS_ASSERTIONS = NO;
				ENABLE_STRICT_OBJC_MSGSEND = YES;
				ENABLE_USER_SCRIPT_SANDBOXING = YES;
				GCC_C_LANGUAGE_STANDARD = gnu17;
				GCC_NO_COMMON_BLOCKS = YES;
				GCC_WARN_64_TO_32_BIT_CONVERSION = YES;
				GCC_WARN_ABOUT_RETURN_TYPE = YES_ERROR;
				GCC_WARN_UNDECLARED_SELECTOR = YES;
				GCC_WARN_UNINITIALIZED_AUTOS = YES_AGGRESSIVE;
				GCC_WARN_UNUSED_FUNCTION = YES;
				GCC_WARN_UNUSED_VARIABLE = YES;
				LOCALIZATION_PREFERS_STRING_CATALOGS = YES;
				MACOSX_DEPLOYMENT_TARGET = 14.1;
				MTL_ENABLE_DEBUG_INFO = NO;
				MTL_FAST_MATH = YES;
				SDKROOT = macosx;
			};
			name = Release;
		};
		005A452B2D5DA72B00BA382F /* Debug */ = {
			isa = XCBuildConfiguration;
			buildSettings = {
				CODE_SIGN_STYLE = Automatic;
				PRODUCT_NAME = "$(TARGET_NAME)";
			};
			name = Debug;
		};
		005A452C2D5DA72B00BA382F /* Release */ = {
			isa = XCBuildConfiguration;
			buildSettings = {
				CODE_SIGN_STYLE = Automatic;
				PRODUCT_NAME = "$(TARGET_NAME)";
			};
			name = Release;
		};
/* End XCBuildConfiguration section */

/* Begin XCConfigurationList section */
		005A451E2D5DA72B00BA382F /* Build configuration list for PBXProject "OOP-fifth" */ = {
			isa = XCConfigurationList;
			buildConfigurations = (
				005A45282D5DA72B00BA382F /* Debug */,
				005A45292D5DA72B00BA382F /* Release */,
			);
			defaultConfigurationIsVisible = 0;
			defaultConfigurationName = Release;
		};
		005A452A2D5DA72B00BA382F /* Build configuration list for PBXNativeTarget "OOP-fifth" */ = {
			isa = XCConfigurationList;
			buildConfigurations = (
				005A452B2D5DA72B00BA382F /* Debug */,
				005A452C2D5DA72B00BA382F /* Release */,
			);
			defaultConfigurationIsVisible = 0;
			defaultConfigurationName = Release;
		};
/* End XCConfigurationList section */
	};
	rootObject = 005A451B2D5DA72B00BA382F /* Project object */;
}
